<?xml version="1.0" encoding="utf-8"?>
<Project ToolsVersion="4.0" xmlns="http://schemas.microsoft.com/developer/msbuild/2003">
  <ItemGroup>
    <Filter Include="BaseControl">
      <UniqueIdentifier>{e8d337bd-404f-4a98-a7f0-651a96aa4dd3}</UniqueIdentifier>
    </Filter>
    <Filter Include="wxGameEditorUITest">
      <UniqueIdentifier>{90c9e84f-f988-4336-a279-7cc3a6cbac56}</UniqueIdentifier>
    </Filter>
    <Filter Include="BaseControl\Curve">
      <UniqueIdentifier>{a14c6e54-c51c-4bbc-ad27-1dc25fc49cdb}</UniqueIdentifier>
    </Filter>
    <Filter Include="BaseControl\Property">
      <UniqueIdentifier>{5363591a-7b08-44e6-b1e2-c447bddb6974}</UniqueIdentifier>
    </Filter>
  </ItemGroup>
  <ItemGroup>
    <None Include="wxGameEditorUITest\gui.fbp">
      <Filter>wxGameEditorUITest</Filter>
    </None>
    <None Include="BaseControl\DlgPropertyEditors.fbp">
      <Filter>BaseControl\Property</Filter>
    </None>
    <None Include="BaseControl\CurveWndKnotProp.inl">
      <Filter>BaseControl\Curve</Filter>
    </None>
  </ItemGroup>
  <ItemGroup>
    <ClInclude Include="BaseControl\stdafx.h">
      <Filter>BaseControl</Filter>
    </ClInclude>
    <ClInclude Include="BaseControl\BaseControl.h">
      <Filter>BaseControl</Filter>
    </ClInclude>
    <ClInclude Include="wxGameEditorUITest\main.h">
      <Filter>wxGameEditorUITest</Filter>
    </ClInclude>
    <ClInclude Include="wxGameEditorUITest\PropTest.h">
      <Filter>wxGameEditorUITest</Filter>
    </ClInclude>
    <ClInclude Include="wxGameEditorUITest\gui.h">
      <Filter>wxGameEditorUITest</Filter>
    </ClInclude>
    <ClInclude Include="BaseControl\PropertywxConnector.h">
      <Filter>BaseControl\Property</Filter>
    </ClInclude>
    <ClInclude Include="BaseControl\DlgPropertyEditors.h">
      <Filter>BaseControl\Property</Filter>
    </ClInclude>
    <ClInclude Include="BaseControl\DlgPropertyEditors_Gui.h">
      <Filter>BaseControl\Property</Filter>
    </ClInclude>
    <ClInclude Include="BaseControl\IGuiPropertyDescriptor.h">
      <Filter>BaseControl\Property</Filter>
    </ClInclude>
    <ClInclude Include="BaseControl\IGuiPropertyProvider.h">
      <Filter>BaseControl\Property</Filter>
    </ClInclude>
    <ClInclude Include="BaseControl\PropertyHelperFunc.h">
      <Filter>BaseControl\Property</Filter>
    </ClInclude>
    <ClInclude Include="BaseControl\CurveWnd.h">
      <Filter>BaseControl\Curve</Filter>
    </ClInclude>
    <ClInclude Include="BaseControl\CurveWndProvider.h">
      <Filter>BaseControl\Curve</Filter>
    </ClInclude>
  </ItemGroup>
  <ItemGroup>
    <ClCompile Include="wxGameEditorUITest\main.cpp">
      <Filter>wxGameEditorUITest</Filter>
    </ClCompile>
    <ClCompile Include="wxGameEditorUITest\gui.cpp">
      <Filter>wxGameEditorUITest</Filter>
    </ClCompile>
    <ClCompile Include="BaseControl\DlgPropertyEditors.cpp">
      <Filter>BaseControl\Property</Filter>
    </ClCompile>
    <ClCompile Include="BaseControl\DlgPropertyEditors_Gui.cpp">
      <Filter>BaseControl\Property</Filter>
    </ClCompile>
    <ClCompile Include="BaseControl\PropertyHelperFunc.cpp">
      <Filter>BaseControl\Property</Filter>
    </ClCompile>
    <ClCompile Include="BaseControl\PropertywxConnector.cpp">
      <Filter>BaseControl\Property</Filter>
    </ClCompile>
    <ClCompile Include="BaseControl\CurveWnd.cpp">
      <Filter>BaseControl\Curve</Filter>
    </ClCompile>
    <ClCompile Include="BaseControl\CurveWndProvider.cpp">
      <Filter>BaseControl\Curve</Filter>
    </ClCompile>
  </ItemGroup>
</Project>