
Microsoft Visual Studio Solution File, Format Version 11.00
# Visual Studio 2010
Project("{8BC9CEB8-8B4A-11D0-8D11-00A0C91BC942}") = "wxGameEditorUITest", "wxGameEditorUITest2012.vcxproj", "{A265B37D-F49E-4BF1-B93C-1DB008A7E450}"
EndProject
Global
	GlobalSection(SolutionConfigurationPlatforms) = preSolution
		Debug|Win32 = Debug|Win32
		Release|Win32 = Release|Win32
	EndGlobalSection
	GlobalSection(ProjectConfigurationPlatforms) = postSolution
		{A265B37D-F49E-4BF1-B93C-1DB008A7E450}.Debug|Win32.ActiveCfg = Debug|Win32
		{A265B37D-F49E-4BF1-B93C-1DB008A7E450}.Debug|Win32.Build.0 = Debug|Win32
		{A265B37D-F49E-4BF1-B93C-1DB008A7E450}.Release|Win32.ActiveCfg = Release|Win32
		{A265B37D-F49E-4BF1-B93C-1DB008A7E450}.Release|Win32.Build.0 = Release|Win32
	EndGlobalSection
	GlobalSection(SolutionProperties) = preSolution
		HideSolutionNode = FALSE
	EndGlobalSection
EndGlobal
