<?xml version="1.0" encoding="utf-8"?>
<Project ToolsVersion="4.0" xmlns="http://schemas.microsoft.com/developer/msbuild/2003">
  <ItemGroup>
    <Filter Include="BaseControl">
      <UniqueIdentifier>{e8d337bd-404f-4a98-a7f0-651a96aa4dd3}</UniqueIdentifier>
    </Filter>
    <Filter Include="wxGameEditorUITest">
      <UniqueIdentifier>{90c9e84f-f988-4336-a279-7cc3a6cbac56}</UniqueIdentifier>
    </Filter>
    <Filter Include="BaseControl\Curve">
      <UniqueIdentifier>{753d3bfa-d58d-4a16-b63a-9a82914ab908}</UniqueIdentifier>
    </Filter>
    <Filter Include="BaseControl\Property">
      <UniqueIdentifier>{6996863b-6a76-4ee2-9779-983e2cd2fa03}</UniqueIdentifier>
    </Filter>
  </ItemGroup>
  <ItemGroup>
    <None Include="wxGameEditorUITest\gui.fbp">
      <Filter>wxGameEditorUITest</Filter>
    </None>
    <None Include="BaseControl\CurveWndKnotProp.inl">
      <Filter>BaseControl\Curve</Filter>
    </None>
    <None Include="BaseControl\DlgPropertyEditors.fbp">
      <Filter>BaseControl\Property</Filter>
    </None>
  </ItemGroup>
  <ItemGroup>
    <ClInclude Include="BaseControl\stdafx.h">
      <Filter>BaseControl</Filter>
    </ClInclude>
    <ClInclude Include="BaseControl\BaseControl.h">
      <Filter>BaseControl</Filter>
    </ClInclude>
    <ClInclude Include="wxGameEditorUITest\main.h">
      <Filter>wxGameEditorUITest</Filter>
    </ClInclude>
    <ClInclude Include="wxGameEditorUITest\PropTest.h">
      <Filter>wxGameEditorUITest</Filter>
    </ClInclude>
    <ClInclude Include="wxGameEditorUITest\gui.h">
      <Filter>wxGameEditorUITest</Filter>
    </ClInclude>
    <ClInclude Include="BaseControl\CurveWnd.h">
      <Filter>BaseControl\Curve</Filter>
    </ClInclude>
    <ClInclude Include="BaseControl\CurveWndProvider.h">
      <Filter>BaseControl\Curve</Filter>
    </ClInclude>
    <ClInclude Include="BaseControl\DlgCurveEditor.h">
      <Filter>BaseControl\Curve</Filter>
    </ClInclude>
    <ClInclude Include="BaseControl\DlgPropertyEditors.h">
      <Filter>BaseControl\Property</Filter>
    </ClInclude>
    <ClInclude Include="BaseControl\DlgPropertyEditors_Gui.h">
      <Filter>BaseControl\Property</Filter>
    </ClInclude>
    <ClInclude Include="BaseControl\IGuiPropertyDescriptor.h">
      <Filter>BaseControl\Property</Filter>
    </ClInclude>
    <ClInclude Include="BaseControl\IGuiPropertyProvider.h">
      <Filter>BaseControl\Property</Filter>
    </ClInclude>
    <ClInclude Include="BaseControl\PropertyHelperFunc.h">
      <Filter>BaseControl\Property</Filter>
    </ClInclude>
    <ClInclude Include="BaseControl\PropertywxConnector.h">
      <Filter>BaseControl\Property</Filter>
    </ClInclude>
  </ItemGroup>
  <ItemGroup>
    <ClCompile Include="wxGameEditorUITest\main.cpp">
      <Filter>wxGameEditorUITest</Filter>
    </ClCompile>
    <ClCompile Include="wxGameEditorUITest\gui.cpp">
      <Filter>wxGameEditorUITest</Filter>
    </ClCompile>
    <ClCompile Include="BaseControl\CurveWnd.cpp">
      <Filter>BaseControl\Curve</Filter>
    </ClCompile>
    <ClCompile Include="BaseControl\CurveWndProvider.cpp">
      <Filter>BaseControl\Curve</Filter>
    </ClCompile>
    <ClCompile Include="BaseControl\DlgCurveEditor.cpp">
      <Filter>BaseControl\Curve</Filter>
    </ClCompile>
    <ClCompile Include="BaseControl\DlgPropertyEditors.cpp">
      <Filter>BaseControl\Property</Filter>
    </ClCompile>
    <ClCompile Include="BaseControl\DlgPropertyEditors_Gui.cpp">
      <Filter>BaseControl\Property</Filter>
    </ClCompile>
    <ClCompile Include="BaseControl\PropertyHelperFunc.cpp">
      <Filter>BaseControl\Property</Filter>
    </ClCompile>
    <ClCompile Include="BaseControl\PropertywxConnector.cpp">
      <Filter>BaseControl\Property</Filter>
    </ClCompile>
  </ItemGroup>
</Project>